<?xml version="1.0" encoding="utf-8"?>
<Project ToolsVersion="4.0" xmlns="http://schemas.microsoft.com/developer/msbuild/2003">
  <ItemGroup>
    <Filter Include="Source Files">
      <UniqueIdentifier>{4FC737F1-C7A5-4376-A066-2A32D752A2FF}</UniqueIdentifier>
      <Extensions>cpp;c;cc;cxx;def;odl;idl;hpj;bat;asm;asmx</Extensions>
    </Filter>
    <Filter Include="Header Files">
      <UniqueIdentifier>{93995380-89BD-4b04-88EB-625FBE52EBFB}</UniqueIdentifier>
      <Extensions>h;hh;hpp;hxx;hm;inl;inc;xsd</Extensions>
    </Filter>
    <Filter Include="Resource Files">
      <UniqueIdentifier>{67DA6AB6-F800-4c08-8B7A-83BB121AAD01}</UniqueIdentifier>
      <Extensions>qrc;rc;ico;cur;bmp;dlg;rc2;rct;bin;rgs;gif;jpg;jpeg;jpe;resx;tiff;tif;png;wav;mfcribbon-ms</Extensions>
    </Filter>
    <Filter Include="Form Files">
      <UniqueIdentifier>{99349809-55BA-4b9d-BF79-8FDBB0286EB3}</UniqueIdentifier>
      <Extensions>ui</Extensions>
    </Filter>
    <Filter Include="Translation Files">
      <UniqueIdentifier>{639EADAA-A684-42e4-A9AD-28FC9BCB8F7C}</UniqueIdentifier>
      <Extensions>ts</Extensions>
    </Filter>
    <Filter Include="Source Files\qtsingleapplication">
      <UniqueIdentifier>{87490fce-cb4d-43bb-a0ff-b635e568f275}</UniqueIdentifier>
    </Filter>
    <Filter Include="Header Files\qtsingleapplication">
      <UniqueIdentifier>{2a1eb06a-03e7-4da7-bab4-03dac2a3097c}</UniqueIdentifier>
    </Filter>
    <Filter Include="Header Files\serial">
      <UniqueIdentifier>{a2ae34ba-cabd-4121-9dc9-ae717c035344}</UniqueIdentifier>
    </Filter>
    <Filter Include="Source Files\serial">
      <UniqueIdentifier>{0b950286-0450-4aef-923f-24b5cc924435}</UniqueIdentifier>
    </Filter>
    <Filter Include="Header Files\qxtglobalshortcut5">
      <UniqueIdentifier>{3a77c4be-984d-4b29-bbce-959a2dfed487}</UniqueIdentifier>
    </Filter>
    <Filter Include="Source Files\qxtglobalshortcut5">
      <UniqueIdentifier>{7f305b10-664e-4736-85c9-0b1e5b94f41f}</UniqueIdentifier>
    </Filter>
  </ItemGroup>
  <ItemGroup>
    <QtRcc Include="uavmanage.qrc">
      <Filter>Resource Files</Filter>
    </QtRcc>
    <QtUic Include="uavmanage.ui">
      <Filter>Form Files</Filter>
    </QtUic>
    <QtMoc Include="uavmanage.h">
      <Filter>Header Files</Filter>
    </QtMoc>
    <ClCompile Include="uavmanage.cpp">
      <Filter>Source Files</Filter>
    </ClCompile>
  </ItemGroup>
  <ItemGroup>
    <ClCompile Include="main.cpp">
      <Filter>Source Files</Filter>
    </ClCompile>
    <ClCompile Include="devicemanage.cpp">
      <Filter>Source Files</Filter>
    </ClCompile>
    <ClCompile Include="resendmessage.cpp">
      <Filter>Source Files</Filter>
    </ClCompile>
    <ClCompile Include="tinyxml2\tinyxml2.cpp">
      <Filter>Source Files</Filter>
    </ClCompile>
    <ClCompile Include="threadpython.cpp">
      <Filter>Source Files</Filter>
    </ClCompile>
    <ClCompile Include="qtsingleapplication\qtlocalpeer.cpp">
      <Filter>Source Files\qtsingleapplication</Filter>
    </ClCompile>
    <ClCompile Include="qtsingleapplication\qtsingleapplication.cpp">
      <Filter>Source Files\qtsingleapplication</Filter>
    </ClCompile>
    <ClCompile Include="adddevicedialog.cpp">
      <Filter>Source Files</Filter>
    </ClCompile>
    <ClCompile Include="messagelistdialog.cpp">
      <Filter>Source Files</Filter>
    </ClCompile>
    <ClCompile Include="devicecontrol.cpp">
      <Filter>Source Files</Filter>
    </ClCompile>
    <ClCompile Include="devicedebugl.cpp">
      <Filter>Source Files</Filter>
    </ClCompile>
    <ClCompile Include="placeinfodialog.cpp">
      <Filter>Source Files</Filter>
    </ClCompile>
    <ClCompile Include="AudioDecoder.cpp">
      <Filter>Source Files</Filter>
    </ClCompile>
    <ClCompile Include="qwchartview.cpp">
      <Filter>Source Files</Filter>
    </ClCompile>
    <ClCompile Include="SoundGrade.cpp">
      <Filter>Source Files</Filter>
    </ClCompile>
    <ClCompile Include="paramreadwrite.cpp">
      <Filter>Source Files</Filter>
    </ClCompile>
    <ClCompile Include="spaceparam.cpp">
      <Filter>Source Files</Filter>
    </ClCompile>
    <ClCompile Include="musicscale.cpp">
      <Filter>Source Files</Filter>
    </ClCompile>
    <ClCompile Include="calibrationdialog.cpp">
      <Filter>Source Files</Filter>
    </ClCompile>
    <ClCompile Include="aboutdialog.cpp">
      <Filter>Source Files</Filter>
    </ClCompile>
    <ClCompile Include="downloadtool.cpp">
      <Filter>Source Files</Filter>
    </ClCompile>
    <ClCompile Include="deviceserial.cpp">
      <Filter>Source Files</Filter>
    </ClCompile>
    <ClCompile Include="serial\qextserialenumerator.cpp">
      <Filter>Source Files\serial</Filter>
    </ClCompile>
    <ClCompile Include="serial\qextserialenumerator_win.cpp">
      <Filter>Source Files\serial</Filter>
    </ClCompile>
    <ClCompile Include="waitingwidget.cpp">
      <Filter>Source Files</Filter>
    </ClCompile>
    <ClCompile Include="firstdialog.cpp">
      <Filter>Source Files</Filter>
    </ClCompile>
    <ClCompile Include="qxtglobalshortcut5\core\qxtglobal.cpp">
      <Filter>Source Files\qxtglobalshortcut5</Filter>
    </ClCompile>
    <ClCompile Include="qxtglobalshortcut5\gui\qxtglobalshortcut.cpp">
      <Filter>Source Files\qxtglobalshortcut5</Filter>
    </ClCompile>
    <ClCompile Include="qxtglobalshortcut5\gui\qxtglobalshortcut_win.cpp">
      <Filter>Source Files\qxtglobalshortcut5</Filter>
    </ClCompile>
    <ClCompile Include="qxtglobalshortcut5\gui\qxtwindowsystem.cpp">
      <Filter>Source Files\qxtglobalshortcut5</Filter>
    </ClCompile>
    <ClCompile Include="qxtglobalshortcut5\gui\qxtwindowsystem_win.cpp">
      <Filter>Source Files\qxtglobalshortcut5</Filter>
    </ClCompile>
  </ItemGroup>
  <ItemGroup>
    <QtMoc Include="devicemanage.h">
      <Filter>Header Files</Filter>
    </QtMoc>
    <QtMoc Include="devicecontrol.h">
      <Filter>Header Files</Filter>
    </QtMoc>
    <QtMoc Include="adddevicedialog.h">
      <Filter>Header Files</Filter>
    </QtMoc>
    <QtMoc Include="resendmessage.h">
      <Filter>Header Files</Filter>
    </QtMoc>
    <QtMoc Include="threadpython.h">
      <Filter>Header Files</Filter>
    </QtMoc>
    <QtMoc Include="qtsingleapplication\qtlocalpeer.h">
      <Filter>Header Files\qtsingleapplication</Filter>
    </QtMoc>
    <QtMoc Include="qtsingleapplication\qtsingleapplication.h">
      <Filter>Header Files\qtsingleapplication</Filter>
    </QtMoc>
    <QtMoc Include="messagelistdialog.h">
      <Filter>Header Files</Filter>
    </QtMoc>
    <QtMoc Include="devicedebug.h">
      <Filter>Header Files</Filter>
    </QtMoc>
    <QtMoc Include="placeinfodialog.h">
      <Filter>Header Files</Filter>
    </QtMoc>
    <QtMoc Include="AudioDecoder.h">
      <Filter>Header Files</Filter>
    </QtMoc>
    <QtMoc Include="qwchartview.h">
      <Filter>Header Files</Filter>
    </QtMoc>
    <QtMoc Include="SoundGrade.h">
      <Filter>Header Files</Filter>
    </QtMoc>
    <QtMoc Include="paramreadwrite.h">
      <Filter>Header Files</Filter>
    </QtMoc>
    <QtMoc Include="spaceparam.h">
      <Filter>Header Files</Filter>
    </QtMoc>
    <QtMoc Include="musicscale.h">
      <Filter>Header Files</Filter>
    </QtMoc>
    <QtMoc Include="calibrationdialog.h">
      <Filter>Header Files</Filter>
    </QtMoc>
    <QtMoc Include="aboutdialog.h">
      <Filter>Header Files</Filter>
    </QtMoc>
    <QtMoc Include="downloadtool.h">
      <Filter>Header Files</Filter>
    </QtMoc>
    <QtMoc Include="deviceserial.h">
      <Filter>Header Files</Filter>
    </QtMoc>
    <QtMoc Include="serial\qextserialenumerator.h">
      <Filter>Header Files\serial</Filter>
    </QtMoc>
    <QtMoc Include="waitingwidget.h">
      <Filter>Header Files</Filter>
    </QtMoc>
    <QtMoc Include="firstdialog.h">
      <Filter>Header Files</Filter>
    </QtMoc>
    <QtMoc Include="qxtglobalshortcut5\gui\qxtglobalshortcut.h">
      <Filter>Header Files\qxtglobalshortcut5</Filter>
    </QtMoc>
  </ItemGroup>
  <ItemGroup>
    <QtUic Include="devicemanage.ui">
      <Filter>Form Files</Filter>
    </QtUic>
    <QtUic Include="devicecontrol.ui">
      <Filter>Form Files</Filter>
    </QtUic>
    <QtUic Include="adddevicedialog.ui">
      <Filter>Form Files</Filter>
    </QtUic>
    <QtUic Include="messagelistdialog.ui">
      <Filter>Form Files</Filter>
    </QtUic>
    <QtUic Include="devicedebug.ui">
      <Filter>Form Files</Filter>
    </QtUic>
    <QtUic Include="placeinfodialog.ui">
      <Filter>Form Files</Filter>
    </QtUic>
    <QtUic Include="SoundGrade.ui">
      <Filter>Form Files</Filter>
    </QtUic>
    <QtUic Include="spaceparam.ui">
      <Filter>Form Files</Filter>
    </QtUic>
    <QtUic Include="calibrationdialog.ui">
      <Filter>Form Files</Filter>
    </QtUic>
    <QtUic Include="aboutdialog.ui">
      <Filter>Form Files</Filter>
    </QtUic>
    <QtUic Include="deviceserial.ui">
      <Filter>Form Files</Filter>
    </QtUic>
    <QtUic Include="waitingwidget.ui">
      <Filter>Form Files</Filter>
    </QtUic>
    <QtUic Include="firstdialog.ui">
      <Filter>Form Files</Filter>
    </QtUic>
  </ItemGroup>
  <ItemGroup>
    <ClInclude Include="mavlinksetting.h">
      <Filter>Header Files</Filter>
    </ClInclude>
    <ClInclude Include="libhvsetting.h">
      <Filter>Header Files</Filter>
    </ClInclude>
    <ClInclude Include="definesetting.h">
      <Filter>Header Files</Filter>
    </ClInclude>
    <ClInclude Include="tinyxml2\tinyxml2.h">
      <Filter>Header Files</Filter>
    </ClInclude>
    <ClInclude Include="mypythondefine.h">
      <Filter>Header Files</Filter>
    </ClInclude>
    <ClInclude Include="define3d.h">
      <Filter>Header Files</Filter>
    </ClInclude>
    <ClInclude Include="serial\qextserialport_global.h">
      <Filter>Header Files\serial</Filter>
    </ClInclude>
    <ClInclude Include="serial\qextserialenumerator_p.h">
      <Filter>Header Files\serial</Filter>
    </ClInclude>
    <ClInclude Include="qxtglobalshortcut5\core\qxtglobal.h">
      <Filter>Header Files\qxtglobalshortcut5</Filter>
    </ClInclude>
    <ClInclude Include="qxtglobalshortcut5\gui\qxtglobalshortcut_p.h">
      <Filter>Header Files\qxtglobalshortcut5</Filter>
    </ClInclude>
    <ClInclude Include="qxtglobalshortcut5\gui\qxtwindowsystem.h">
      <Filter>Header Files\qxtglobalshortcut5</Filter>
    </ClInclude>
  </ItemGroup>
  <ItemGroup>
    <ResourceCompile Include="logo.rc">
      <Filter>Resource Files</Filter>
    </ResourceCompile>
  </ItemGroup>
</Project>